
Microsoft Visual Studio Solution File, Format Version 12.00
# Visual Studio 15
Project("{FAE04EC0-301F-11D3-BF4B-00C04F79EFBC}") = "Assembly-CSharp", "Assembly-CSharp.csproj", "{3641EAD4-5EAD-0E68-2250-9B411F6CB231}"
EndProject
Project("{FAE04EC0-301F-11D3-BF4B-00C04F79EFBC}") = "Assembly-CSharp-Editor", "Assembly-CSharp-Editor.csproj", "{5AF9406A-0BDE-2C98-91D2-66AC36EA0058}"
EndProject
Project("{FAE04EC0-301F-11D3-BF4B-00C04F79EFBC}") = "GoogleMobileAds.Editor", "GoogleMobileAds.Editor.csproj", "{AEE10CC6-BACC-3A9C-101B-F097AE72F088}"
EndProject
Global
	GlobalSection(SolutionConfigurationPlatforms) = preSolution
		Debug|Any CPU = Debug|Any CPU
		Release|Any CPU = Release|Any CPU
	EndGlobalSection
	GlobalSection(ProjectConfigurationPlatforms) = postSolution
		{3641EAD4-5EAD-0E68-2250-9B411F6CB231}.Debug|Any CPU.ActiveCfg = Debug|Any CPU
		{3641EAD4-5EAD-0E68-2250-9B411F6CB231}.Debug|Any CPU.Build.0 = Debug|Any CPU
		{3641EAD4-5EAD-0E68-2250-9B411F6CB231}.Release|Any CPU.ActiveCfg = Release|Any CPU
		{3641EAD4-5EAD-0E68-2250-9B411F6CB231}.Release|Any CPU.Build.0 = Release|Any CPU
		{5AF9406A-0BDE-2C98-91D2-66AC36EA0058}.Debug|Any CPU.ActiveCfg = Debug|Any CPU
		{5AF9406A-0BDE-2C98-91D2-66AC36EA0058}.Debug|Any CPU.Build.0 = Debug|Any CPU
		{5AF9406A-0BDE-2C98-91D2-66AC36EA0058}.Release|Any CPU.ActiveCfg = Release|Any CPU
		{5AF9406A-0BDE-2C98-91D2-66AC36EA0058}.Release|Any CPU.Build.0 = Release|Any CPU
		{AEE10CC6-BACC-3A9C-101B-F097AE72F088}.Debug|Any CPU.ActiveCfg = Debug|Any CPU
		{AEE10CC6-BACC-3A9C-101B-F097AE72F088}.Debug|Any CPU.Build.0 = Debug|Any CPU
		{AEE10CC6-BACC-3A9C-101B-F097AE72F088}.Release|Any CPU.ActiveCfg = Release|Any CPU
		{AEE10CC6-BACC-3A9C-101B-F097AE72F088}.Release|Any CPU.Build.0 = Release|Any CPU
	EndGlobalSection
	GlobalSection(SolutionProperties) = preSolution
		HideSolutionNode = FALSE
	EndGlobalSection
EndGlobal
