
Microsoft Visual Studio Solution File, Format Version 12.00
# Visual Studio 15
Project("{FAE04EC0-301F-11D3-BF4B-00C04F79EFBC}") = "Assembly-CSharp", "Assembly-CSharp.csproj", "{30986D26-CC2D-6734-3BA5-A48446E5DBE9}"
EndProject
Project("{FAE04EC0-301F-11D3-BF4B-00C04F79EFBC}") = "Assembly-CSharp-Editor", "Assembly-CSharp-Editor.csproj", "{EE809EC0-A9EC-BC19-E374-3C6894D70A68}"
EndProject
Project("{FAE04EC0-301F-11D3-BF4B-00C04F79EFBC}") = "GoogleMobileAds.Editor", "GoogleMobileAds.Editor.csproj", "{71ED9F0C-49C2-0F22-70C1-C24D444D2AEE}"
EndProject
Global
	GlobalSection(SolutionConfigurationPlatforms) = preSolution
		Debug|Any CPU = Debug|Any CPU
		Release|Any CPU = Release|Any CPU
	EndGlobalSection
	GlobalSection(ProjectConfigurationPlatforms) = postSolution
		{30986D26-CC2D-6734-3BA5-A48446E5DBE9}.Debug|Any CPU.ActiveCfg = Debug|Any CPU
		{30986D26-CC2D-6734-3BA5-A48446E5DBE9}.Debug|Any CPU.Build.0 = Debug|Any CPU
		{30986D26-CC2D-6734-3BA5-A48446E5DBE9}.Release|Any CPU.ActiveCfg = Release|Any CPU
		{30986D26-CC2D-6734-3BA5-A48446E5DBE9}.Release|Any CPU.Build.0 = Release|Any CPU
		{EE809EC0-A9EC-BC19-E374-3C6894D70A68}.Debug|Any CPU.ActiveCfg = Debug|Any CPU
		{EE809EC0-A9EC-BC19-E374-3C6894D70A68}.Debug|Any CPU.Build.0 = Debug|Any CPU
		{EE809EC0-A9EC-BC19-E374-3C6894D70A68}.Release|Any CPU.ActiveCfg = Release|Any CPU
		{EE809EC0-A9EC-BC19-E374-3C6894D70A68}.Release|Any CPU.Build.0 = Release|Any CPU
		{71ED9F0C-49C2-0F22-70C1-C24D444D2AEE}.Debug|Any CPU.ActiveCfg = Debug|Any CPU
		{71ED9F0C-49C2-0F22-70C1-C24D444D2AEE}.Debug|Any CPU.Build.0 = Debug|Any CPU
		{71ED9F0C-49C2-0F22-70C1-C24D444D2AEE}.Release|Any CPU.ActiveCfg = Release|Any CPU
		{71ED9F0C-49C2-0F22-70C1-C24D444D2AEE}.Release|Any CPU.Build.0 = Release|Any CPU
	EndGlobalSection
	GlobalSection(SolutionProperties) = preSolution
		HideSolutionNode = FALSE
	EndGlobalSection
EndGlobal
